
Microsoft Visual Studio Solution File, Format Version 12.00
# Visual Studio Version 16
VisualStudioVersion = 16.0.30413.136
MinimumVisualStudioVersion = 10.0.40219.1
Project("{8BC9CEB8-8B4A-11D0-8D11-00A0C91BC942}") = "Project2", "Project2\Project2.vcxproj", "{D23C1031-E491-4ECC-8A87-0032B24148EB}"
EndProject
Global
	GlobalSection(SolutionConfigurationPlatforms) = preSolution
		Debug|x64 = Debug|x64
		Debug|x86 = Debug|x86
		Release|x64 = Release|x64
		Release|x86 = Release|x86
	EndGlobalSection
	GlobalSection(ProjectConfigurationPlatforms) = postSolution
		{D23C1031-E491-4ECC-8A87-0032B24148EB}.Debug|x64.ActiveCfg = Debug|x64
		{D23C1031-E491-4ECC-8A87-0032B24148EB}.Debug|x64.Build.0 = Debug|x64
		{D23C1031-E491-4ECC-8A87-0032B24148EB}.Debug|x86.ActiveCfg = Debug|Win32
		{D23C1031-E491-4ECC-8A87-0032B24148EB}.Debug|x86.Build.0 = Debug|Win32
		{D23C1031-E491-4ECC-8A87-0032B24148EB}.Release|x64.ActiveCfg = Release|x64
		{D23C1031-E491-4ECC-8A87-0032B24148EB}.Release|x64.Build.0 = Release|x64
		{D23C1031-E491-4ECC-8A87-0032B24148EB}.Release|x86.ActiveCfg = Release|Win32
		{D23C1031-E491-4ECC-8A87-0032B24148EB}.Release|x86.Build.0 = Release|Win32
	EndGlobalSection
	GlobalSection(SolutionProperties) = preSolution
		HideSolutionNode = FALSE
	EndGlobalSection
	GlobalSection(ExtensibilityGlobals) = postSolution
		SolutionGuid = {FDFDE423-C7BE-4994-BA3D-5A199E4C0E1D}
	EndGlobalSection
EndGlobal
